
Microsoft Visual Studio Solution File, Format Version 12.00
# Visual Studio Version 17
VisualStudioVersion = 17.2.32630.192
MinimumVisualStudioVersion = 10.0.40219.1
Project("{9A19103F-16F7-4668-BE54-9A1E7A4F7556}") = "SelfieAWookie.API.UI", "SelfieAWookie.API.UI\SelfieAWookie.API.UI.csproj", "{444ABABA-3C24-4117-A32B-E343654FD1F5}"
EndProject
Project("{9A19103F-16F7-4668-BE54-9A1E7A4F7556}") = "TestWebApi", "TestWebApi\TestWebApi.csproj", "{8A46556B-B0C5-4D2A-9566-4661EE44B6AE}"
EndProject
Project("{2150E333-8FDC-42A3-9474-1A3956D46DE8}") = "Tests", "Tests", "{E5B627A4-D675-4F51-8B63-6D8047B9C8EF}"
EndProject
Project("{2150E333-8FDC-42A3-9474-1A3956D46DE8}") = "Libs", "Libs", "{F8C6537A-3AD0-4618-8752-F94F625DEB38}"
EndProject
Project("{9A19103F-16F7-4668-BE54-9A1E7A4F7556}") = "SelfieAWookie.Core.Selfies.Domain", "SelfieAWookie.Core.Selfies.Domain\SelfieAWookie.Core.Selfies.Domain.csproj", "{885B666B-C34C-46C7-83AF-BB82696EA613}"
EndProject
Project("{9A19103F-16F7-4668-BE54-9A1E7A4F7556}") = "SelfieAWookie.Core.Selfies.Infrastructures", "SelfieAWookie.Core.Selfies.Infrastructures\SelfieAWookie.Core.Selfies.Infrastructures.csproj", "{33C114B7-6641-4176-8327-6CAEB1401A24}"
EndProject
Project("{9A19103F-16F7-4668-BE54-9A1E7A4F7556}") = "SelfieAWookie.Core.Framework", "SelfieAWookie.Core.Framework\SelfieAWookie.Core.Framework.csproj", "{E2D4E9B0-8FBA-40A7-905B-53EB1292E09D}"
EndProject
Project("{FAE04EC0-301F-11D3-BF4B-00C04F79EFBC}") = "SelfieAWookie.Core.Selfies.Data.Migrations", "SelfieAWookie.Core.Selfies.Data.Migrations\SelfieAWookie.Core.Selfies.Data.Migrations.csproj", "{FC5EBC19-B35B-425E-A2F3-25E894C14248}"
EndProject
Global
	GlobalSection(SolutionConfigurationPlatforms) = preSolution
		Debug|Any CPU = Debug|Any CPU
		Release|Any CPU = Release|Any CPU
	EndGlobalSection
	GlobalSection(ProjectConfigurationPlatforms) = postSolution
		{444ABABA-3C24-4117-A32B-E343654FD1F5}.Debug|Any CPU.ActiveCfg = Debug|Any CPU
		{444ABABA-3C24-4117-A32B-E343654FD1F5}.Debug|Any CPU.Build.0 = Debug|Any CPU
		{444ABABA-3C24-4117-A32B-E343654FD1F5}.Release|Any CPU.ActiveCfg = Release|Any CPU
		{444ABABA-3C24-4117-A32B-E343654FD1F5}.Release|Any CPU.Build.0 = Release|Any CPU
		{8A46556B-B0C5-4D2A-9566-4661EE44B6AE}.Debug|Any CPU.ActiveCfg = Debug|Any CPU
		{8A46556B-B0C5-4D2A-9566-4661EE44B6AE}.Debug|Any CPU.Build.0 = Debug|Any CPU
		{8A46556B-B0C5-4D2A-9566-4661EE44B6AE}.Release|Any CPU.ActiveCfg = Release|Any CPU
		{8A46556B-B0C5-4D2A-9566-4661EE44B6AE}.Release|Any CPU.Build.0 = Release|Any CPU
		{885B666B-C34C-46C7-83AF-BB82696EA613}.Debug|Any CPU.ActiveCfg = Debug|Any CPU
		{885B666B-C34C-46C7-83AF-BB82696EA613}.Debug|Any CPU.Build.0 = Debug|Any CPU
		{885B666B-C34C-46C7-83AF-BB82696EA613}.Release|Any CPU.ActiveCfg = Release|Any CPU
		{885B666B-C34C-46C7-83AF-BB82696EA613}.Release|Any CPU.Build.0 = Release|Any CPU
		{33C114B7-6641-4176-8327-6CAEB1401A24}.Debug|Any CPU.ActiveCfg = Debug|Any CPU
		{33C114B7-6641-4176-8327-6CAEB1401A24}.Debug|Any CPU.Build.0 = Debug|Any CPU
		{33C114B7-6641-4176-8327-6CAEB1401A24}.Release|Any CPU.ActiveCfg = Release|Any CPU
		{33C114B7-6641-4176-8327-6CAEB1401A24}.Release|Any CPU.Build.0 = Release|Any CPU
		{E2D4E9B0-8FBA-40A7-905B-53EB1292E09D}.Debug|Any CPU.ActiveCfg = Debug|Any CPU
		{E2D4E9B0-8FBA-40A7-905B-53EB1292E09D}.Debug|Any CPU.Build.0 = Debug|Any CPU
		{E2D4E9B0-8FBA-40A7-905B-53EB1292E09D}.Release|Any CPU.ActiveCfg = Release|Any CPU
		{E2D4E9B0-8FBA-40A7-905B-53EB1292E09D}.Release|Any CPU.Build.0 = Release|Any CPU
		{FC5EBC19-B35B-425E-A2F3-25E894C14248}.Debug|Any CPU.ActiveCfg = Debug|Any CPU
		{FC5EBC19-B35B-425E-A2F3-25E894C14248}.Debug|Any CPU.Build.0 = Debug|Any CPU
		{FC5EBC19-B35B-425E-A2F3-25E894C14248}.Release|Any CPU.ActiveCfg = Release|Any CPU
		{FC5EBC19-B35B-425E-A2F3-25E894C14248}.Release|Any CPU.Build.0 = Release|Any CPU
	EndGlobalSection
	GlobalSection(SolutionProperties) = preSolution
		HideSolutionNode = FALSE
	EndGlobalSection
	GlobalSection(NestedProjects) = preSolution
		{8A46556B-B0C5-4D2A-9566-4661EE44B6AE} = {E5B627A4-D675-4F51-8B63-6D8047B9C8EF}
		{885B666B-C34C-46C7-83AF-BB82696EA613} = {F8C6537A-3AD0-4618-8752-F94F625DEB38}
		{33C114B7-6641-4176-8327-6CAEB1401A24} = {F8C6537A-3AD0-4618-8752-F94F625DEB38}
	EndGlobalSection
	GlobalSection(ExtensibilityGlobals) = postSolution
		SolutionGuid = {02A12EDA-6F8B-49F3-ABC1-B9C07F15F5D5}
	EndGlobalSection
EndGlobal
