
Microsoft Visual Studio Solution File, Format Version 12.00
Project("{FAE04EC0-301F-11D3-BF4B-00C04F79EFBC}") = "SelfieAWookie.API.UI", "SelfieAWookie.API.UI\SelfieAWookie.API.UI.csproj", "{444ABABA-3C24-4117-A32B-E343654FD1F5}"
EndProject
Project("{FAE04EC0-301F-11D3-BF4B-00C04F79EFBC}") = "TestWebApi", "TestWebApi\TestWebApi.csproj", "{8A46556B-B0C5-4D2A-9566-4661EE44B6AE}"
EndProject
Project("{2150E333-8FDC-42A3-9474-1A3956D46DE8}") = "Tests", "Tests", "{E5B627A4-D675-4F51-8B63-6D8047B9C8EF}"
EndProject
Global
	GlobalSection(SolutionConfigurationPlatforms) = preSolution
		Debug|Any CPU = Debug|Any CPU
		Release|Any CPU = Release|Any CPU
	EndGlobalSection
	GlobalSection(ProjectConfigurationPlatforms) = postSolution
		{444ABABA-3C24-4117-A32B-E343654FD1F5}.Debug|Any CPU.ActiveCfg = Debug|Any CPU
		{444ABABA-3C24-4117-A32B-E343654FD1F5}.Debug|Any CPU.Build.0 = Debug|Any CPU
		{444ABABA-3C24-4117-A32B-E343654FD1F5}.Release|Any CPU.ActiveCfg = Release|Any CPU
		{444ABABA-3C24-4117-A32B-E343654FD1F5}.Release|Any CPU.Build.0 = Release|Any CPU
		{8A46556B-B0C5-4D2A-9566-4661EE44B6AE}.Debug|Any CPU.ActiveCfg = Debug|Any CPU
		{8A46556B-B0C5-4D2A-9566-4661EE44B6AE}.Debug|Any CPU.Build.0 = Debug|Any CPU
		{8A46556B-B0C5-4D2A-9566-4661EE44B6AE}.Release|Any CPU.ActiveCfg = Release|Any CPU
		{8A46556B-B0C5-4D2A-9566-4661EE44B6AE}.Release|Any CPU.Build.0 = Release|Any CPU
	EndGlobalSection
	GlobalSection(NestedProjects) = preSolution
		{8A46556B-B0C5-4D2A-9566-4661EE44B6AE} = {E5B627A4-D675-4F51-8B63-6D8047B9C8EF}
	EndGlobalSection
EndGlobal
